{
    "_readme": [
        "This file locks the dependencies of your project to a known state",
        "Read more about it at https://getcomposer.org/doc/01-basic-usage.md#composer-lock-the-lock-file",
        "This file is @generated automatically"
    ],
    "hash": "54726a85140314c348b61aea29e8fd2a",
    "content-hash": "4862d6f5293e513d07c82572208c0611",
    "packages": [
        {
            "name": "webdevstudios/cmb2",
            "version": "dev-trunk",
            "source": {
                "type": "git",
                "url": "https://github.com/WebDevStudios/CMB2.git",
                "reference": "a17c726bef102b17bedb7b0a4ee95e1b1816fa72"
            },
            "dist": {
                "type": "zip",
                "url": "https://api.github.com/repos/WebDevStudios/CMB2/zipball/a17c726bef102b17bedb7b0a4ee95e1b1816fa72",
                "reference": "a17c726bef102b17bedb7b0a4ee95e1b1816fa72",
                "shasum": ""
            },
            "require": {
                "php": ">5.2.4"
            },
            "require-dev": {
                "phpunit/phpunit": "3.7.*"
            },
            "suggest": {
                "composer/installers": "~1.0"
            },
            "type": "wordpress-plugin",
            "notification-url": "https://packagist.org/downloads/",
            "license": [
                "GPL-2.0+"
            ],
            "authors": [
                {
                    "name": "WebDevStudios",
                    "email": "contact@webdevstudios.com",
                    "homepage": "https://github.com/WebDevStudios",
                    "role": "Developer"
                }
            ],
            "description": "CMB2 is a metabox, custom fields, and forms library for WordPress that will blow your mind.",
            "homepage": "https://github.com/WebDevStudios/CMB2",
            "keywords": [
                "metabox",
                "plugin",
                "wordpress"
            ],
            "time": "2016-01-31 22:00:11"
        },
        {
            "name": "webdevstudios/wds-wp-json-api-connect",
            "version": "dev-master",
            "source": {
                "type": "git",
                "url": "https://github.com/WebDevStudios/WDS-WP-REST-API-Connect.git",
                "reference": "6bf3330cac688aa6e049fb299dc13785c2be657f"
            },
            "dist": {
                "type": "zip",
                "url": "https://api.github.com/repos/WebDevStudios/WDS-WP-REST-API-Connect/zipball/6bf3330cac688aa6e049fb299dc13785c2be657f",
                "reference": "6bf3330cac688aa6e049fb299dc13785c2be657f",
                "shasum": ""
            },
            "require": {
                "php": ">5.3"
            },
            "type": "library",
            "notification-url": "https://packagist.org/downloads/",
            "license": [
                "GPL-2.0+"
            ],
            "authors": [
                {
                    "name": "WebDevStudios",
                    "email": "contact@webdevstudios.com",
                    "homepage": "https://github.com/WebDevStudios",
                    "role": "Developer"
                }
            ],
            "description": "Helper class for connecting from one WordPress installation to another via the WordPress REST API and OAuth.",
            "homepage": "https://github.com/WebDevStudios/WDS-WP-REST-API-Connect",
            "keywords": [
                "json",
                "wordpress",
                "wp-api"
            ],
            "time": "2016-02-06 19:33:55"
        }
    ],
    "packages-dev": [],
    "aliases": [],
    "minimum-stability": "stable",
    "stability-flags": {
        "webdevstudios/wds-wp-json-api-connect": 20,
        "webdevstudios/cmb2": 20
    },
    "prefer-stable": false,
    "prefer-lowest": false,
    "platform": {
        "php": ">5.3"
    },
    "platform-dev": []
}
